
Microsoft Visual Studio Solution File, Format Version 12.00
# Visual Studio Version 17
VisualStudioVersion = 17.13.35931.197
MinimumVisualStudioVersion = 10.0.40219.1
Project("{FAE04EC0-301F-11D3-BF4B-00C04F79EFBC}") = "Spider-Verse", "Spider-Verse.csproj", "{41C67E2A-399A-4157-B9D3-8B520B73E721}"
EndProject
Global
	GlobalSection(SolutionConfigurationPlatforms) = preSolution
		Debug|Any CPU = Debug|Any CPU
		Release|Any CPU = Release|Any CPU
	EndGlobalSection
	GlobalSection(ProjectConfigurationPlatforms) = postSolution
		{41C67E2A-399A-4157-B9D3-8B520B73E721}.Debug|Any CPU.ActiveCfg = Release|Any CPU
		{41C67E2A-399A-4157-B9D3-8B520B73E721}.Debug|Any CPU.Build.0 = Release|Any CPU
		{41C67E2A-399A-4157-B9D3-8B520B73E721}.Release|Any CPU.ActiveCfg = Release|Any CPU
		{41C67E2A-399A-4157-B9D3-8B520B73E721}.Release|Any CPU.Build.0 = Release|Any CPU
	EndGlobalSection
	GlobalSection(SolutionProperties) = preSolution
		HideSolutionNode = FALSE
	EndGlobalSection
	GlobalSection(ExtensibilityGlobals) = postSolution
		SolutionGuid = {6CAD67EF-FAC5-48A3-B0AB-A6425A31AB64}
	EndGlobalSection
EndGlobal
